// !$*UTF8*$!
{
	archiveVersion = 1;
	classes = {
	};
	objectVersion = 55;
	objects = {

/* Begin PBXBuildFile section */
		B90F6D9F26FCD1C500DE0183 /* Twitter_ProApp.swift in Sources */ = {isa = PBXBuildFile; fileRef = B90F6D9E26FCD1C500DE0183 /* Twitter_ProApp.swift */; };
		B90F6DA126FCD1C500DE0183 /* ContentView.swift in Sources */ = {isa = PBXBuildFile; fileRef = B90F6DA026FCD1C500DE0183 /* ContentView.swift */; };
		B90F6DA326FCD1C600DE0183 /* Assets.xcassets in Resources */ = {isa = PBXBuildFile; fileRef = B90F6DA226FCD1C600DE0183 /* Assets.xcassets */; };
		B90F6DA626FCD1C600DE0183 /* Preview Assets.xcassets in Resources */ = {isa = PBXBuildFile; fileRef = B90F6DA526FCD1C600DE0183 /* Preview Assets.xcassets */; };
		B90F6DB026FCD1C700DE0183 /* Twitter_ProTests.swift in Sources */ = {isa = PBXBuildFile; fileRef = B90F6DAF26FCD1C700DE0183 /* Twitter_ProTests.swift */; };
		B90F6DBA26FCD1C700DE0183 /* Twitter_ProUITests.swift in Sources */ = {isa = PBXBuildFile; fileRef = B90F6DB926FCD1C700DE0183 /* Twitter_ProUITests.swift */; };
		B90F6DBC26FCD1C700DE0183 /* Twitter_ProUITestsLaunchTests.swift in Sources */ = {isa = PBXBuildFile; fileRef = B90F6DBB26FCD1C700DE0183 /* Twitter_ProUITestsLaunchTests.swift */; };
		B90F6DCA26FECEC300DE0183 /* ComposableArchitecture in Frameworks */ = {isa = PBXBuildFile; productRef = B90F6DC926FECEC300DE0183 /* ComposableArchitecture */; };
		B90F6DCC26FEEF5800DE0183 /* SearchAction.swift in Sources */ = {isa = PBXBuildFile; fileRef = B90F6DCB26FEEF5800DE0183 /* SearchAction.swift */; };
		B90F6DCE26FEEF7400DE0183 /* SearchState.swift in Sources */ = {isa = PBXBuildFile; fileRef = B90F6DCD26FEEF7400DE0183 /* SearchState.swift */; };
		B90F6DD026FEEF8900DE0183 /* SearchEnvironment.swift in Sources */ = {isa = PBXBuildFile; fileRef = B90F6DCF26FEEF8900DE0183 /* SearchEnvironment.swift */; };
		B90F6DD226FEEFB800DE0183 /* SearchReducer.swift in Sources */ = {isa = PBXBuildFile; fileRef = B90F6DD126FEEFB800DE0183 /* SearchReducer.swift */; };
		B90F6DD426FF7EB900DE0183 /* DropDownMenu.swift in Sources */ = {isa = PBXBuildFile; fileRef = B90F6DD326FF7EB900DE0183 /* DropDownMenu.swift */; };
		B90F6DD626FF851900DE0183 /* SearchType.swift in Sources */ = {isa = PBXBuildFile; fileRef = B90F6DD526FF851900DE0183 /* SearchType.swift */; };
		B90F6DDB27035E0600DE0183 /* SearchResultView.swift in Sources */ = {isa = PBXBuildFile; fileRef = B90F6DDA27035E0600DE0183 /* SearchResultView.swift */; };
/* End PBXBuildFile section */

/* Begin PBXContainerItemProxy section */
		B90F6DAC26FCD1C700DE0183 /* PBXContainerItemProxy */ = {
			isa = PBXContainerItemProxy;
			containerPortal = B90F6D9326FCD1C400DE0183 /* Project object */;
			proxyType = 1;
			remoteGlobalIDString = B90F6D9A26FCD1C500DE0183;
			remoteInfo = "Twitter Pro";
		};
		B90F6DB626FCD1C700DE0183 /* PBXContainerItemProxy */ = {
			isa = PBXContainerItemProxy;
			containerPortal = B90F6D9326FCD1C400DE0183 /* Project object */;
			proxyType = 1;
			remoteGlobalIDString = B90F6D9A26FCD1C500DE0183;
			remoteInfo = "Twitter Pro";
		};
/* End PBXContainerItemProxy section */

/* Begin PBXFileReference section */
		B90F6D9B26FCD1C500DE0183 /* Twitter Pro.app */ = {isa = PBXFileReference; explicitFileType = wrapper.application; includeInIndex = 0; path = "Twitter Pro.app"; sourceTree = BUILT_PRODUCTS_DIR; };
		B90F6D9E26FCD1C500DE0183 /* Twitter_ProApp.swift */ = {isa = PBXFileReference; lastKnownFileType = sourcecode.swift; path = Twitter_ProApp.swift; sourceTree = "<group>"; };
		B90F6DA026FCD1C500DE0183 /* ContentView.swift */ = {isa = PBXFileReference; lastKnownFileType = sourcecode.swift; path = ContentView.swift; sourceTree = "<group>"; };
		B90F6DA226FCD1C600DE0183 /* Assets.xcassets */ = {isa = PBXFileReference; lastKnownFileType = folder.assetcatalog; path = Assets.xcassets; sourceTree = "<group>"; };
		B90F6DA526FCD1C600DE0183 /* Preview Assets.xcassets */ = {isa = PBXFileReference; lastKnownFileType = folder.assetcatalog; path = "Preview Assets.xcassets"; sourceTree = "<group>"; };
		B90F6DAB26FCD1C700DE0183 /* Twitter ProTests.xctest */ = {isa = PBXFileReference; explicitFileType = wrapper.cfbundle; includeInIndex = 0; path = "Twitter ProTests.xctest"; sourceTree = BUILT_PRODUCTS_DIR; };
		B90F6DAF26FCD1C700DE0183 /* Twitter_ProTests.swift */ = {isa = PBXFileReference; lastKnownFileType = sourcecode.swift; path = Twitter_ProTests.swift; sourceTree = "<group>"; };
		B90F6DB526FCD1C700DE0183 /* Twitter ProUITests.xctest */ = {isa = PBXFileReference; explicitFileType = wrapper.cfbundle; includeInIndex = 0; path = "Twitter ProUITests.xctest"; sourceTree = BUILT_PRODUCTS_DIR; };
		B90F6DB926FCD1C700DE0183 /* Twitter_ProUITests.swift */ = {isa = PBXFileReference; lastKnownFileType = sourcecode.swift; path = Twitter_ProUITests.swift; sourceTree = "<group>"; };
		B90F6DBB26FCD1C700DE0183 /* Twitter_ProUITestsLaunchTests.swift */ = {isa = PBXFileReference; lastKnownFileType = sourcecode.swift; path = Twitter_ProUITestsLaunchTests.swift; sourceTree = "<group>"; };
		B90F6DCB26FEEF5800DE0183 /* SearchAction.swift */ = {isa = PBXFileReference; lastKnownFileType = sourcecode.swift; path = SearchAction.swift; sourceTree = "<group>"; };
		B90F6DCD26FEEF7400DE0183 /* SearchState.swift */ = {isa = PBXFileReference; lastKnownFileType = sourcecode.swift; path = SearchState.swift; sourceTree = "<group>"; };
		B90F6DCF26FEEF8900DE0183 /* SearchEnvironment.swift */ = {isa = PBXFileReference; lastKnownFileType = sourcecode.swift; path = SearchEnvironment.swift; sourceTree = "<group>"; };
		B90F6DD126FEEFB800DE0183 /* SearchReducer.swift */ = {isa = PBXFileReference; lastKnownFileType = sourcecode.swift; path = SearchReducer.swift; sourceTree = "<group>"; };
		B90F6DD326FF7EB900DE0183 /* DropDownMenu.swift */ = {isa = PBXFileReference; lastKnownFileType = sourcecode.swift; path = DropDownMenu.swift; sourceTree = "<group>"; };
		B90F6DD526FF851900DE0183 /* SearchType.swift */ = {isa = PBXFileReference; lastKnownFileType = sourcecode.swift; path = SearchType.swift; sourceTree = "<group>"; };
		B90F6DDA27035E0600DE0183 /* SearchResultView.swift */ = {isa = PBXFileReference; lastKnownFileType = sourcecode.swift; path = SearchResultView.swift; sourceTree = "<group>"; };
/* End PBXFileReference section */

/* Begin PBXFrameworksBuildPhase section */
		B90F6D9826FCD1C500DE0183 /* Frameworks */ = {
			isa = PBXFrameworksBuildPhase;
			buildActionMask = 2147483647;
			files = (
				B90F6DCA26FECEC300DE0183 /* ComposableArchitecture in Frameworks */,
			);
			runOnlyForDeploymentPostprocessing = 0;
		};
		B90F6DA826FCD1C700DE0183 /* Frameworks */ = {
			isa = PBXFrameworksBuildPhase;
			buildActionMask = 2147483647;
			files = (
			);
			runOnlyForDeploymentPostprocessing = 0;
		};
		B90F6DB226FCD1C700DE0183 /* Frameworks */ = {
			isa = PBXFrameworksBuildPhase;
			buildActionMask = 2147483647;
			files = (
			);
			runOnlyForDeploymentPostprocessing = 0;
		};
/* End PBXFrameworksBuildPhase section */

/* Begin PBXGroup section */
		B90F6D9226FCD1C400DE0183 = {
			isa = PBXGroup;
			children = (
				B90F6D9D26FCD1C500DE0183 /* Twitter Pro */,
				B90F6DAE26FCD1C700DE0183 /* Twitter ProTests */,
				B90F6DB826FCD1C700DE0183 /* Twitter ProUITests */,
				B90F6D9C26FCD1C500DE0183 /* Products */,
			);
			sourceTree = "<group>";
		};
		B90F6D9C26FCD1C500DE0183 /* Products */ = {
			isa = PBXGroup;
			children = (
				B90F6D9B26FCD1C500DE0183 /* Twitter Pro.app */,
				B90F6DAB26FCD1C700DE0183 /* Twitter ProTests.xctest */,
				B90F6DB526FCD1C700DE0183 /* Twitter ProUITests.xctest */,
			);
			name = Products;
			sourceTree = "<group>";
		};
		B90F6D9D26FCD1C500DE0183 /* Twitter Pro */ = {
			isa = PBXGroup;
			children = (
				B90F6DA226FCD1C600DE0183 /* Assets.xcassets */,
				B90F6DD827021AEC00DE0183 /* Domain */,
				B90F6DD927021BF600DE0183 /* Model */,
				B90F6DD727021AD400DE0183 /* Presentation */,
				B90F6DA426FCD1C600DE0183 /* Preview Content */,
			);
			path = "Twitter Pro";
			sourceTree = "<group>";
		};
		B90F6DA426FCD1C600DE0183 /* Preview Content */ = {
			isa = PBXGroup;
			children = (
				B90F6DA526FCD1C600DE0183 /* Preview Assets.xcassets */,
			);
			path = "Preview Content";
			sourceTree = "<group>";
		};
		B90F6DAE26FCD1C700DE0183 /* Twitter ProTests */ = {
			isa = PBXGroup;
			children = (
				B90F6DAF26FCD1C700DE0183 /* Twitter_ProTests.swift */,
			);
			path = "Twitter ProTests";
			sourceTree = "<group>";
		};
		B90F6DB826FCD1C700DE0183 /* Twitter ProUITests */ = {
			isa = PBXGroup;
			children = (
				B90F6DB926FCD1C700DE0183 /* Twitter_ProUITests.swift */,
				B90F6DBB26FCD1C700DE0183 /* Twitter_ProUITestsLaunchTests.swift */,
			);
			path = "Twitter ProUITests";
			sourceTree = "<group>";
		};
		B90F6DD727021AD400DE0183 /* Presentation */ = {
			isa = PBXGroup;
			children = (
				B90F6DA026FCD1C500DE0183 /* ContentView.swift */,
				B90F6DD326FF7EB900DE0183 /* DropDownMenu.swift */,
				B90F6D9E26FCD1C500DE0183 /* Twitter_ProApp.swift */,
				B90F6DDA27035E0600DE0183 /* SearchResultView.swift */,
			);
			path = Presentation;
			sourceTree = "<group>";
		};
		B90F6DD827021AEC00DE0183 /* Domain */ = {
			isa = PBXGroup;
			children = (
				B90F6DCB26FEEF5800DE0183 /* SearchAction.swift */,
				B90F6DCF26FEEF8900DE0183 /* SearchEnvironment.swift */,
				B90F6DD126FEEFB800DE0183 /* SearchReducer.swift */,
				B90F6DCD26FEEF7400DE0183 /* SearchState.swift */,
			);
			path = Domain;
			sourceTree = "<group>";
		};
		B90F6DD927021BF600DE0183 /* Model */ = {
			isa = PBXGroup;
			children = (
				B90F6DD526FF851900DE0183 /* SearchType.swift */,
			);
			path = Model;
			sourceTree = "<group>";
		};
/* End PBXGroup section */

/* Begin PBXNativeTarget section */
		B90F6D9A26FCD1C500DE0183 /* Twitter Pro */ = {
			isa = PBXNativeTarget;
			buildConfigurationList = B90F6DBF26FCD1C700DE0183 /* Build configuration list for PBXNativeTarget "Twitter Pro" */;
			buildPhases = (
				B90F6D9726FCD1C500DE0183 /* Sources */,
				B90F6D9826FCD1C500DE0183 /* Frameworks */,
				B90F6D9926FCD1C500DE0183 /* Resources */,
			);
			buildRules = (
			);
			dependencies = (
			);
			name = "Twitter Pro";
			packageProductDependencies = (
				B90F6DC926FECEC300DE0183 /* ComposableArchitecture */,
			);
			productName = "Twitter Pro";
			productReference = B90F6D9B26FCD1C500DE0183 /* Twitter Pro.app */;
			productType = "com.apple.product-type.application";
		};
		B90F6DAA26FCD1C700DE0183 /* Twitter ProTests */ = {
			isa = PBXNativeTarget;
			buildConfigurationList = B90F6DC226FCD1C700DE0183 /* Build configuration list for PBXNativeTarget "Twitter ProTests" */;
			buildPhases = (
				B90F6DA726FCD1C700DE0183 /* Sources */,
				B90F6DA826FCD1C700DE0183 /* Frameworks */,
				B90F6DA926FCD1C700DE0183 /* Resources */,
			);
			buildRules = (
			);
			dependencies = (
				B90F6DAD26FCD1C700DE0183 /* PBXTargetDependency */,
			);
			name = "Twitter ProTests";
			productName = "Twitter ProTests";
			productReference = B90F6DAB26FCD1C700DE0183 /* Twitter ProTests.xctest */;
			productType = "com.apple.product-type.bundle.unit-test";
		};
		B90F6DB426FCD1C700DE0183 /* Twitter ProUITests */ = {
			isa = PBXNativeTarget;
			buildConfigurationList = B90F6DC526FCD1C700DE0183 /* Build configuration list for PBXNativeTarget "Twitter ProUITests" */;
			buildPhases = (
				B90F6DB126FCD1C700DE0183 /* Sources */,
				B90F6DB226FCD1C700DE0183 /* Frameworks */,
				B90F6DB326FCD1C700DE0183 /* Resources */,
			);
			buildRules = (
			);
			dependencies = (
				B90F6DB726FCD1C700DE0183 /* PBXTargetDependency */,
			);
			name = "Twitter ProUITests";
			productName = "Twitter ProUITests";
			productReference = B90F6DB526FCD1C700DE0183 /* Twitter ProUITests.xctest */;
			productType = "com.apple.product-type.bundle.ui-testing";
		};
/* End PBXNativeTarget section */

/* Begin PBXProject section */
		B90F6D9326FCD1C400DE0183 /* Project object */ = {
			isa = PBXProject;
			attributes = {
				BuildIndependentTargetsInParallel = 1;
				LastSwiftUpdateCheck = 1300;
				LastUpgradeCheck = 1300;
				TargetAttributes = {
					B90F6D9A26FCD1C500DE0183 = {
						CreatedOnToolsVersion = 13.0;
					};
					B90F6DAA26FCD1C700DE0183 = {
						CreatedOnToolsVersion = 13.0;
						TestTargetID = B90F6D9A26FCD1C500DE0183;
					};
					B90F6DB426FCD1C700DE0183 = {
						CreatedOnToolsVersion = 13.0;
						TestTargetID = B90F6D9A26FCD1C500DE0183;
					};
				};
			};
			buildConfigurationList = B90F6D9626FCD1C400DE0183 /* Build configuration list for PBXProject "Twitter Pro" */;
			compatibilityVersion = "Xcode 13.0";
			developmentRegion = en;
			hasScannedForEncodings = 0;
			knownRegions = (
				en,
				Base,
			);
			mainGroup = B90F6D9226FCD1C400DE0183;
			packageReferences = (
				B90F6DC826FECEC300DE0183 /* XCRemoteSwiftPackageReference "swift-composable-architecture" */,
			);
			productRefGroup = B90F6D9C26FCD1C500DE0183 /* Products */;
			projectDirPath = "";
			projectRoot = "";
			targets = (
				B90F6D9A26FCD1C500DE0183 /* Twitter Pro */,
				B90F6DAA26FCD1C700DE0183 /* Twitter ProTests */,
				B90F6DB426FCD1C700DE0183 /* Twitter ProUITests */,
			);
		};
/* End PBXProject section */

/* Begin PBXResourcesBuildPhase section */
		B90F6D9926FCD1C500DE0183 /* Resources */ = {
			isa = PBXResourcesBuildPhase;
			buildActionMask = 2147483647;
			files = (
				B90F6DA626FCD1C600DE0183 /* Preview Assets.xcassets in Resources */,
				B90F6DA326FCD1C600DE0183 /* Assets.xcassets in Resources */,
			);
			runOnlyForDeploymentPostprocessing = 0;
		};
		B90F6DA926FCD1C700DE0183 /* Resources */ = {
			isa = PBXResourcesBuildPhase;
			buildActionMask = 2147483647;
			files = (
			);
			runOnlyForDeploymentPostprocessing = 0;
		};
		B90F6DB326FCD1C700DE0183 /* Resources */ = {
			isa = PBXResourcesBuildPhase;
			buildActionMask = 2147483647;
			files = (
			);
			runOnlyForDeploymentPostprocessing = 0;
		};
/* End PBXResourcesBuildPhase section */

/* Begin PBXSourcesBuildPhase section */
		B90F6D9726FCD1C500DE0183 /* Sources */ = {
			isa = PBXSourcesBuildPhase;
			buildActionMask = 2147483647;
			files = (
				B90F6DD026FEEF8900DE0183 /* SearchEnvironment.swift in Sources */,
				B90F6DA126FCD1C500DE0183 /* ContentView.swift in Sources */,
				B90F6D9F26FCD1C500DE0183 /* Twitter_ProApp.swift in Sources */,
				B90F6DD626FF851900DE0183 /* SearchType.swift in Sources */,
				B90F6DCC26FEEF5800DE0183 /* SearchAction.swift in Sources */,
				B90F6DD426FF7EB900DE0183 /* DropDownMenu.swift in Sources */,
				B90F6DD226FEEFB800DE0183 /* SearchReducer.swift in Sources */,
				B90F6DDB27035E0600DE0183 /* SearchResultView.swift in Sources */,
				B90F6DCE26FEEF7400DE0183 /* SearchState.swift in Sources */,
			);
			runOnlyForDeploymentPostprocessing = 0;
		};
		B90F6DA726FCD1C700DE0183 /* Sources */ = {
			isa = PBXSourcesBuildPhase;
			buildActionMask = 2147483647;
			files = (
				B90F6DB026FCD1C700DE0183 /* Twitter_ProTests.swift in Sources */,
			);
			runOnlyForDeploymentPostprocessing = 0;
		};
		B90F6DB126FCD1C700DE0183 /* Sources */ = {
			isa = PBXSourcesBuildPhase;
			buildActionMask = 2147483647;
			files = (
				B90F6DBC26FCD1C700DE0183 /* Twitter_ProUITestsLaunchTests.swift in Sources */,
				B90F6DBA26FCD1C700DE0183 /* Twitter_ProUITests.swift in Sources */,
			);
			runOnlyForDeploymentPostprocessing = 0;
		};
/* End PBXSourcesBuildPhase section */

/* Begin PBXTargetDependency section */
		B90F6DAD26FCD1C700DE0183 /* PBXTargetDependency */ = {
			isa = PBXTargetDependency;
			target = B90F6D9A26FCD1C500DE0183 /* Twitter Pro */;
			targetProxy = B90F6DAC26FCD1C700DE0183 /* PBXContainerItemProxy */;
		};
		B90F6DB726FCD1C700DE0183 /* PBXTargetDependency */ = {
			isa = PBXTargetDependency;
			target = B90F6D9A26FCD1C500DE0183 /* Twitter Pro */;
			targetProxy = B90F6DB626FCD1C700DE0183 /* PBXContainerItemProxy */;
		};
/* End PBXTargetDependency section */

/* Begin XCBuildConfiguration section */
		B90F6DBD26FCD1C700DE0183 /* Debug */ = {
			isa = XCBuildConfiguration;
			buildSettings = {
				ALWAYS_SEARCH_USER_PATHS = NO;
				CLANG_ANALYZER_NONNULL = YES;
				CLANG_ANALYZER_NUMBER_OBJECT_CONVERSION = YES_AGGRESSIVE;
				CLANG_CXX_LANGUAGE_STANDARD = "gnu++17";
				CLANG_CXX_LIBRARY = "libc++";
				CLANG_ENABLE_MODULES = YES;
				CLANG_ENABLE_OBJC_ARC = YES;
				CLANG_ENABLE_OBJC_WEAK = YES;
				CLANG_WARN_BLOCK_CAPTURE_AUTORELEASING = YES;
				CLANG_WARN_BOOL_CONVERSION = YES;
				CLANG_WARN_COMMA = YES;
				CLANG_WARN_CONSTANT_CONVERSION = YES;
				CLANG_WARN_DEPRECATED_OBJC_IMPLEMENTATIONS = YES;
				CLANG_WARN_DIRECT_OBJC_ISA_USAGE = YES_ERROR;
				CLANG_WARN_DOCUMENTATION_COMMENTS = YES;
				CLANG_WARN_EMPTY_BODY = YES;
				CLANG_WARN_ENUM_CONVERSION = YES;
				CLANG_WARN_INFINITE_RECURSION = YES;
				CLANG_WARN_INT_CONVERSION = YES;
				CLANG_WARN_NON_LITERAL_NULL_CONVERSION = YES;
				CLANG_WARN_OBJC_IMPLICIT_RETAIN_SELF = YES;
				CLANG_WARN_OBJC_LITERAL_CONVERSION = YES;
				CLANG_WARN_OBJC_ROOT_CLASS = YES_ERROR;
				CLANG_WARN_QUOTED_INCLUDE_IN_FRAMEWORK_HEADER = YES;
				CLANG_WARN_RANGE_LOOP_ANALYSIS = YES;
				CLANG_WARN_STRICT_PROTOTYPES = YES;
				CLANG_WARN_SUSPICIOUS_MOVE = YES;
				CLANG_WARN_UNGUARDED_AVAILABILITY = YES_AGGRESSIVE;
				CLANG_WARN_UNREACHABLE_CODE = YES;
				CLANG_WARN__DUPLICATE_METHOD_MATCH = YES;
				COPY_PHASE_STRIP = NO;
				DEBUG_INFORMATION_FORMAT = dwarf;
				ENABLE_STRICT_OBJC_MSGSEND = YES;
				ENABLE_TESTABILITY = YES;
				GCC_C_LANGUAGE_STANDARD = gnu11;
				GCC_DYNAMIC_NO_PIC = NO;
				GCC_NO_COMMON_BLOCKS = YES;
				GCC_OPTIMIZATION_LEVEL = 0;
				GCC_PREPROCESSOR_DEFINITIONS = (
					"DEBUG=1",
					"$(inherited)",
				);
				GCC_WARN_64_TO_32_BIT_CONVERSION = YES;
				GCC_WARN_ABOUT_RETURN_TYPE = YES_ERROR;
				GCC_WARN_UNDECLARED_SELECTOR = YES;
				GCC_WARN_UNINITIALIZED_AUTOS = YES_AGGRESSIVE;
				GCC_WARN_UNUSED_FUNCTION = YES;
				GCC_WARN_UNUSED_VARIABLE = YES;
				IPHONEOS_DEPLOYMENT_TARGET = 15.0;
				MTL_ENABLE_DEBUG_INFO = INCLUDE_SOURCE;
				MTL_FAST_MATH = YES;
				ONLY_ACTIVE_ARCH = YES;
				SDKROOT = iphoneos;
				SWIFT_ACTIVE_COMPILATION_CONDITIONS = DEBUG;
				SWIFT_OPTIMIZATION_LEVEL = "-Onone";
			};
			name = Debug;
		};
		B90F6DBE26FCD1C700DE0183 /* Release */ = {
			isa = XCBuildConfiguration;
			buildSettings = {
				ALWAYS_SEARCH_USER_PATHS = NO;
				CLANG_ANALYZER_NONNULL = YES;
				CLANG_ANALYZER_NUMBER_OBJECT_CONVERSION = YES_AGGRESSIVE;
				CLANG_CXX_LANGUAGE_STANDARD = "gnu++17";
				CLANG_CXX_LIBRARY = "libc++";
				CLANG_ENABLE_MODULES = YES;
				CLANG_ENABLE_OBJC_ARC = YES;
				CLANG_ENABLE_OBJC_WEAK = YES;
				CLANG_WARN_BLOCK_CAPTURE_AUTORELEASING = YES;
				CLANG_WARN_BOOL_CONVERSION = YES;
				CLANG_WARN_COMMA = YES;
				CLANG_WARN_CONSTANT_CONVERSION = YES;
				CLANG_WARN_DEPRECATED_OBJC_IMPLEMENTATIONS = YES;
				CLANG_WARN_DIRECT_OBJC_ISA_USAGE = YES_ERROR;
				CLANG_WARN_DOCUMENTATION_COMMENTS = YES;
				CLANG_WARN_EMPTY_BODY = YES;
				CLANG_WARN_ENUM_CONVERSION = YES;
				CLANG_WARN_INFINITE_RECURSION = YES;
				CLANG_WARN_INT_CONVERSION = YES;
				CLANG_WARN_NON_LITERAL_NULL_CONVERSION = YES;
				CLANG_WARN_OBJC_IMPLICIT_RETAIN_SELF = YES;
				CLANG_WARN_OBJC_LITERAL_CONVERSION = YES;
				CLANG_WARN_OBJC_ROOT_CLASS = YES_ERROR;
				CLANG_WARN_QUOTED_INCLUDE_IN_FRAMEWORK_HEADER = YES;
				CLANG_WARN_RANGE_LOOP_ANALYSIS = YES;
				CLANG_WARN_STRICT_PROTOTYPES = YES;
				CLANG_WARN_SUSPICIOUS_MOVE = YES;
				CLANG_WARN_UNGUARDED_AVAILABILITY = YES_AGGRESSIVE;
				CLANG_WARN_UNREACHABLE_CODE = YES;
				CLANG_WARN__DUPLICATE_METHOD_MATCH = YES;
				COPY_PHASE_STRIP = NO;
				DEBUG_INFORMATION_FORMAT = "dwarf-with-dsym";
				ENABLE_NS_ASSERTIONS = NO;
				ENABLE_STRICT_OBJC_MSGSEND = YES;
				GCC_C_LANGUAGE_STANDARD = gnu11;
				GCC_NO_COMMON_BLOCKS = YES;
				GCC_WARN_64_TO_32_BIT_CONVERSION = YES;
				GCC_WARN_ABOUT_RETURN_TYPE = YES_ERROR;
				GCC_WARN_UNDECLARED_SELECTOR = YES;
				GCC_WARN_UNINITIALIZED_AUTOS = YES_AGGRESSIVE;
				GCC_WARN_UNUSED_FUNCTION = YES;
				GCC_WARN_UNUSED_VARIABLE = YES;
				IPHONEOS_DEPLOYMENT_TARGET = 15.0;
				MTL_ENABLE_DEBUG_INFO = NO;
				MTL_FAST_MATH = YES;
				SDKROOT = iphoneos;
				SWIFT_COMPILATION_MODE = wholemodule;
				SWIFT_OPTIMIZATION_LEVEL = "-O";
				VALIDATE_PRODUCT = YES;
			};
			name = Release;
		};
		B90F6DC026FCD1C700DE0183 /* Debug */ = {
			isa = XCBuildConfiguration;
			buildSettings = {
				ASSETCATALOG_COMPILER_APPICON_NAME = AppIcon;
				ASSETCATALOG_COMPILER_GLOBAL_ACCENT_COLOR_NAME = AccentColor;
				CODE_SIGN_STYLE = Automatic;
				CURRENT_PROJECT_VERSION = 1;
				DEVELOPMENT_ASSET_PATHS = "\"Twitter Pro/Preview Content\"";
				DEVELOPMENT_TEAM = GV3Q7U39VZ;
				ENABLE_PREVIEWS = YES;
				GENERATE_INFOPLIST_FILE = YES;
				INFOPLIST_KEY_UIApplicationSceneManifest_Generation = YES;
				INFOPLIST_KEY_UIApplicationSupportsIndirectInputEvents = YES;
				INFOPLIST_KEY_UILaunchScreen_Generation = YES;
				INFOPLIST_KEY_UISupportedInterfaceOrientations_iPad = "UIInterfaceOrientationPortrait UIInterfaceOrientationPortraitUpsideDown UIInterfaceOrientationLandscapeLeft UIInterfaceOrientationLandscapeRight";
				INFOPLIST_KEY_UISupportedInterfaceOrientations_iPhone = "UIInterfaceOrientationPortrait UIInterfaceOrientationLandscapeLeft UIInterfaceOrientationLandscapeRight";
				IPHONEOS_DEPLOYMENT_TARGET = 14.0;
				LD_RUNPATH_SEARCH_PATHS = (
					"$(inherited)",
					"@executable_path/Frameworks",
				);
				MARKETING_VERSION = 1.0;
				PRODUCT_BUNDLE_IDENTIFIER = "Ryosuke-Seto.Twitter-Pro";
				PRODUCT_NAME = "$(TARGET_NAME)";
				SWIFT_EMIT_LOC_STRINGS = YES;
				SWIFT_VERSION = 5.0;
				TARGETED_DEVICE_FAMILY = "1,2";
			};
			name = Debug;
		};
		B90F6DC126FCD1C700DE0183 /* Release */ = {
			isa = XCBuildConfiguration;
			buildSettings = {
				ASSETCATALOG_COMPILER_APPICON_NAME = AppIcon;
				ASSETCATALOG_COMPILER_GLOBAL_ACCENT_COLOR_NAME = AccentColor;
				CODE_SIGN_STYLE = Automatic;
				CURRENT_PROJECT_VERSION = 1;
				DEVELOPMENT_ASSET_PATHS = "\"Twitter Pro/Preview Content\"";
				DEVELOPMENT_TEAM = GV3Q7U39VZ;
				ENABLE_PREVIEWS = YES;
				GENERATE_INFOPLIST_FILE = YES;
				INFOPLIST_KEY_UIApplicationSceneManifest_Generation = YES;
				INFOPLIST_KEY_UIApplicationSupportsIndirectInputEvents = YES;
				INFOPLIST_KEY_UILaunchScreen_Generation = YES;
				INFOPLIST_KEY_UISupportedInterfaceOrientations_iPad = "UIInterfaceOrientationPortrait UIInterfaceOrientationPortraitUpsideDown UIInterfaceOrientationLandscapeLeft UIInterfaceOrientationLandscapeRight";
				INFOPLIST_KEY_UISupportedInterfaceOrientations_iPhone = "UIInterfaceOrientationPortrait UIInterfaceOrientationLandscapeLeft UIInterfaceOrientationLandscapeRight";
				IPHONEOS_DEPLOYMENT_TARGET = 14.0;
				LD_RUNPATH_SEARCH_PATHS = (
					"$(inherited)",
					"@executable_path/Frameworks",
				);
				MARKETING_VERSION = 1.0;
				PRODUCT_BUNDLE_IDENTIFIER = "Ryosuke-Seto.Twitter-Pro";
				PRODUCT_NAME = "$(TARGET_NAME)";
				SWIFT_EMIT_LOC_STRINGS = YES;
				SWIFT_VERSION = 5.0;
				TARGETED_DEVICE_FAMILY = "1,2";
			};
			name = Release;
		};
		B90F6DC326FCD1C700DE0183 /* Debug */ = {
			isa = XCBuildConfiguration;
			buildSettings = {
				ALWAYS_EMBED_SWIFT_STANDARD_LIBRARIES = YES;
				BUNDLE_LOADER = "$(TEST_HOST)";
				CODE_SIGN_STYLE = Automatic;
				CURRENT_PROJECT_VERSION = 1;
				DEVELOPMENT_TEAM = GV3Q7U39VZ;
				GENERATE_INFOPLIST_FILE = YES;
				IPHONEOS_DEPLOYMENT_TARGET = 14.0;
				LD_RUNPATH_SEARCH_PATHS = (
					"$(inherited)",
					"@executable_path/Frameworks",
					"@loader_path/Frameworks",
				);
				MARKETING_VERSION = 1.0;
				PRODUCT_BUNDLE_IDENTIFIER = "Ryosuke-Seto.Twitter-ProTests";
				PRODUCT_NAME = "$(TARGET_NAME)";
				SWIFT_EMIT_LOC_STRINGS = NO;
				SWIFT_VERSION = 5.0;
				TARGETED_DEVICE_FAMILY = "1,2";
				TEST_HOST = "$(BUILT_PRODUCTS_DIR)/Twitter Pro.app/Twitter Pro";
			};
			name = Debug;
		};
		B90F6DC426FCD1C700DE0183 /* Release */ = {
			isa = XCBuildConfiguration;
			buildSettings = {
				ALWAYS_EMBED_SWIFT_STANDARD_LIBRARIES = YES;
				BUNDLE_LOADER = "$(TEST_HOST)";
				CODE_SIGN_STYLE = Automatic;
				CURRENT_PROJECT_VERSION = 1;
				DEVELOPMENT_TEAM = GV3Q7U39VZ;
				GENERATE_INFOPLIST_FILE = YES;
				IPHONEOS_DEPLOYMENT_TARGET = 14.0;
				LD_RUNPATH_SEARCH_PATHS = (
					"$(inherited)",
					"@executable_path/Frameworks",
					"@loader_path/Frameworks",
				);
				MARKETING_VERSION = 1.0;
				PRODUCT_BUNDLE_IDENTIFIER = "Ryosuke-Seto.Twitter-ProTests";
				PRODUCT_NAME = "$(TARGET_NAME)";
				SWIFT_EMIT_LOC_STRINGS = NO;
				SWIFT_VERSION = 5.0;
				TARGETED_DEVICE_FAMILY = "1,2";
				TEST_HOST = "$(BUILT_PRODUCTS_DIR)/Twitter Pro.app/Twitter Pro";
			};
			name = Release;
		};
		B90F6DC626FCD1C700DE0183 /* Debug */ = {
			isa = XCBuildConfiguration;
			buildSettings = {
				ALWAYS_EMBED_SWIFT_STANDARD_LIBRARIES = YES;
				CODE_SIGN_STYLE = Automatic;
				CURRENT_PROJECT_VERSION = 1;
				DEVELOPMENT_TEAM = GV3Q7U39VZ;
				GENERATE_INFOPLIST_FILE = YES;
				LD_RUNPATH_SEARCH_PATHS = (
					"$(inherited)",
					"@executable_path/Frameworks",
					"@loader_path/Frameworks",
				);
				MARKETING_VERSION = 1.0;
				PRODUCT_BUNDLE_IDENTIFIER = "Ryosuke-Seto.Twitter-ProUITests";
				PRODUCT_NAME = "$(TARGET_NAME)";
				SWIFT_EMIT_LOC_STRINGS = NO;
				SWIFT_VERSION = 5.0;
				TARGETED_DEVICE_FAMILY = "1,2";
				TEST_TARGET_NAME = "Twitter Pro";
			};
			name = Debug;
		};
		B90F6DC726FCD1C700DE0183 /* Release */ = {
			isa = XCBuildConfiguration;
			buildSettings = {
				ALWAYS_EMBED_SWIFT_STANDARD_LIBRARIES = YES;
				CODE_SIGN_STYLE = Automatic;
				CURRENT_PROJECT_VERSION = 1;
				DEVELOPMENT_TEAM = GV3Q7U39VZ;
				GENERATE_INFOPLIST_FILE = YES;
				LD_RUNPATH_SEARCH_PATHS = (
					"$(inherited)",
					"@executable_path/Frameworks",
					"@loader_path/Frameworks",
				);
				MARKETING_VERSION = 1.0;
				PRODUCT_BUNDLE_IDENTIFIER = "Ryosuke-Seto.Twitter-ProUITests";
				PRODUCT_NAME = "$(TARGET_NAME)";
				SWIFT_EMIT_LOC_STRINGS = NO;
				SWIFT_VERSION = 5.0;
				TARGETED_DEVICE_FAMILY = "1,2";
				TEST_TARGET_NAME = "Twitter Pro";
			};
			name = Release;
		};
/* End XCBuildConfiguration section */

/* Begin XCConfigurationList section */
		B90F6D9626FCD1C400DE0183 /* Build configuration list for PBXProject "Twitter Pro" */ = {
			isa = XCConfigurationList;
			buildConfigurations = (
				B90F6DBD26FCD1C700DE0183 /* Debug */,
				B90F6DBE26FCD1C700DE0183 /* Release */,
			);
			defaultConfigurationIsVisible = 0;
			defaultConfigurationName = Release;
		};
		B90F6DBF26FCD1C700DE0183 /* Build configuration list for PBXNativeTarget "Twitter Pro" */ = {
			isa = XCConfigurationList;
			buildConfigurations = (
				B90F6DC026FCD1C700DE0183 /* Debug */,
				B90F6DC126FCD1C700DE0183 /* Release */,
			);
			defaultConfigurationIsVisible = 0;
			defaultConfigurationName = Release;
		};
		B90F6DC226FCD1C700DE0183 /* Build configuration list for PBXNativeTarget "Twitter ProTests" */ = {
			isa = XCConfigurationList;
			buildConfigurations = (
				B90F6DC326FCD1C700DE0183 /* Debug */,
				B90F6DC426FCD1C700DE0183 /* Release */,
			);
			defaultConfigurationIsVisible = 0;
			defaultConfigurationName = Release;
		};
		B90F6DC526FCD1C700DE0183 /* Build configuration list for PBXNativeTarget "Twitter ProUITests" */ = {
			isa = XCConfigurationList;
			buildConfigurations = (
				B90F6DC626FCD1C700DE0183 /* Debug */,
				B90F6DC726FCD1C700DE0183 /* Release */,
			);
			defaultConfigurationIsVisible = 0;
			defaultConfigurationName = Release;
		};
/* End XCConfigurationList section */

/* Begin XCRemoteSwiftPackageReference section */
		B90F6DC826FECEC300DE0183 /* XCRemoteSwiftPackageReference "swift-composable-architecture" */ = {
			isa = XCRemoteSwiftPackageReference;
			repositoryURL = "https://github.com/pointfreeco/swift-composable-architecture.git";
			requirement = {
				kind = upToNextMajorVersion;
				minimumVersion = 0.9.0;
			};
		};
/* End XCRemoteSwiftPackageReference section */

/* Begin XCSwiftPackageProductDependency section */
		B90F6DC926FECEC300DE0183 /* ComposableArchitecture */ = {
			isa = XCSwiftPackageProductDependency;
			package = B90F6DC826FECEC300DE0183 /* XCRemoteSwiftPackageReference "swift-composable-architecture" */;
			productName = ComposableArchitecture;
		};
/* End XCSwiftPackageProductDependency section */
	};
	rootObject = B90F6D9326FCD1C400DE0183 /* Project object */;
}
